
Microsoft Visual Studio Solution File, Format Version 12.00
# Visual Studio Version 16
VisualStudioVersion = 16.0.29215.179
MinimumVisualStudioVersion = 10.0.40219.1
Project("{FAE04EC0-301F-11D3-BF4B-00C04F79EFBC}") = "Startup_Projekt", "Startup_Projekt.csproj", "{2F35972D-F374-4580-BDEB-3DAA92A0E523}"
EndProject
Global
	GlobalSection(SolutionConfigurationPlatforms) = preSolution
		Debug|Any CPU = Debug|Any CPU
		Release|Any CPU = Release|Any CPU
	EndGlobalSection
	GlobalSection(ProjectConfigurationPlatforms) = postSolution
		{2F35972D-F374-4580-BDEB-3DAA92A0E523}.Debug|Any CPU.ActiveCfg = Debug|Any CPU
		{2F35972D-F374-4580-BDEB-3DAA92A0E523}.Debug|Any CPU.Build.0 = Debug|Any CPU
		{2F35972D-F374-4580-BDEB-3DAA92A0E523}.Release|Any CPU.ActiveCfg = Release|Any CPU
		{2F35972D-F374-4580-BDEB-3DAA92A0E523}.Release|Any CPU.Build.0 = Release|Any CPU
	EndGlobalSection
	GlobalSection(SolutionProperties) = preSolution
		HideSolutionNode = FALSE
	EndGlobalSection
	GlobalSection(ExtensibilityGlobals) = postSolution
		SolutionGuid = {012E095B-E873-49C1-A269-299D4E95D749}
	EndGlobalSection
EndGlobal
